<?xml version="1.0" encoding="UTF-8" standalone="yes" ?>
<CodeBlocks_project_file>
	<FileVersion major="1" minor="6" />
	<Project>
		<Option title="dotlines_assignment" />
		<Option pch_mode="2" />
		<Option compiler="gcc" />
		<Build>
			<Target title="Debug">
				<Option output="bin/Debug/dotlines_assignment" prefix_auto="1" extension_auto="1" />
				<Option object_output="obj/Debug/" />
				<Option type="1" />
				<Option compiler="gcc" />
				<Compiler>
					<Add option="-g" />
				</Compiler>
			</Target>
			<Target title="Release">
				<Option output="bin/Release/dotlines_assignment" prefix_auto="1" extension_auto="1" />
				<Option object_output="obj/Release/" />
				<Option type="1" />
				<Option compiler="gcc" />
				<Compiler>
					<Add option="-O2" />
				</Compiler>
				<Linker>
					<Add option="-s" />
				</Linker>
			</Target>
		</Build>
		<Compiler>
			<Add option="-Wall" />
			<Add option="-fexceptions" />
			<Add directory="../../../../../Program Files (x86)/Dev-Cpp/MinGW64/include" />
		</Compiler>
		<Linker>
			<Add library="ws2_32" />
			<Add library="../../../../../Program Files (x86)/Dev-Cpp/MinGW64/lib/libmysql.a" />
		</Linker>
		<Unit filename="database_handler.cpp" />
		<Unit filename="email_validator.cpp" />
		<Unit filename="lib/data_struct.hpp" />
		<Unit filename="lib/database_handler.hpp" />
		<Unit filename="lib/email_validator.hpp" />
		<Unit filename="lib/print_data_struct.hpp" />
		<Unit filename="main.cpp" />
		<Unit filename="print_data_struct.cpp" />
		<Extensions>
			<lib_finder disable_auto="1" />
		</Extensions>
	</Project>
</CodeBlocks_project_file>
